
Microsoft Visual Studio Solution File, Format Version 12.00
# Visual Studio 15
VisualStudioVersion = 15.0.28307.539
MinimumVisualStudioVersion = 10.0.40219.1
Project("{9A19103F-16F7-4668-BE54-9A1E7A4F7556}") = "ServerCoreLibrary", "ServerCoreLibrary\ServerCoreLibrary.csproj", "{FE32D096-D80C-4AFB-B8FF-04B23CB63732}"
EndProject
Project("{9A19103F-16F7-4668-BE54-9A1E7A4F7556}") = "Shared", "Shared\Shared.csproj", "{E1FD8BC0-8DB0-49FA-B071-9DBF3F6B2B1B}"
EndProject
Project("{FAE04EC0-301F-11D3-BF4B-00C04F79EFBC}") = "Client", "Client\Client.csproj", "{F60114F5-34BA-4D54-BE1A-754020D68E50}"
EndProject
Project("{9A19103F-16F7-4668-BE54-9A1E7A4F7556}") = "ClientLib", "ClientLib\ClientLib.csproj", "{067974D4-5EC8-408D-B02D-F869704683DC}"
EndProject
Project("{9A19103F-16F7-4668-BE54-9A1E7A4F7556}") = "ManagementIntegration", "ManagementIntegration\ManagementIntegration.csproj", "{D91D679C-AEF4-4E3D-80B5-F05B05820F52}"
EndProject
Project("{9A19103F-16F7-4668-BE54-9A1E7A4F7556}") = "UnitTesting", "UnitTesting\UnitTesting.csproj", "{198BC26F-5F07-448D-A2E3-91EE750A01F7}"
EndProject
Project("{9A19103F-16F7-4668-BE54-9A1E7A4F7556}") = "BusinessLogic", "BusinessLogic\BusinessLogic.csproj", "{CF93E7A3-C3E2-4FC5-8D9E-D10948355973}"
EndProject
Project("{FAE04EC0-301F-11D3-BF4B-00C04F79EFBC}") = "Design", "Design\Design.csproj", "{851F5A50-E9CF-40DE-A160-EF7076EB80F5}"
EndProject
Global
	GlobalSection(SolutionConfigurationPlatforms) = preSolution
		Debug|Any CPU = Debug|Any CPU
		Debug|ARM = Debug|ARM
		Debug|ARM64 = Debug|ARM64
		Debug|x64 = Debug|x64
		Debug|x86 = Debug|x86
		Release|Any CPU = Release|Any CPU
		Release|ARM = Release|ARM
		Release|ARM64 = Release|ARM64
		Release|x64 = Release|x64
		Release|x86 = Release|x86
	EndGlobalSection
	GlobalSection(ProjectConfigurationPlatforms) = postSolution
		{FE32D096-D80C-4AFB-B8FF-04B23CB63732}.Debug|Any CPU.ActiveCfg = Debug|Any CPU
		{FE32D096-D80C-4AFB-B8FF-04B23CB63732}.Debug|Any CPU.Build.0 = Debug|Any CPU
		{FE32D096-D80C-4AFB-B8FF-04B23CB63732}.Debug|ARM.ActiveCfg = Debug|Any CPU
		{FE32D096-D80C-4AFB-B8FF-04B23CB63732}.Debug|ARM.Build.0 = Debug|Any CPU
		{FE32D096-D80C-4AFB-B8FF-04B23CB63732}.Debug|ARM64.ActiveCfg = Debug|Any CPU
		{FE32D096-D80C-4AFB-B8FF-04B23CB63732}.Debug|ARM64.Build.0 = Debug|Any CPU
		{FE32D096-D80C-4AFB-B8FF-04B23CB63732}.Debug|x64.ActiveCfg = Debug|Any CPU
		{FE32D096-D80C-4AFB-B8FF-04B23CB63732}.Debug|x64.Build.0 = Debug|Any CPU
		{FE32D096-D80C-4AFB-B8FF-04B23CB63732}.Debug|x86.ActiveCfg = Debug|Any CPU
		{FE32D096-D80C-4AFB-B8FF-04B23CB63732}.Debug|x86.Build.0 = Debug|Any CPU
		{FE32D096-D80C-4AFB-B8FF-04B23CB63732}.Release|Any CPU.ActiveCfg = Release|Any CPU
		{FE32D096-D80C-4AFB-B8FF-04B23CB63732}.Release|Any CPU.Build.0 = Release|Any CPU
		{FE32D096-D80C-4AFB-B8FF-04B23CB63732}.Release|ARM.ActiveCfg = Release|Any CPU
		{FE32D096-D80C-4AFB-B8FF-04B23CB63732}.Release|ARM.Build.0 = Release|Any CPU
		{FE32D096-D80C-4AFB-B8FF-04B23CB63732}.Release|ARM64.ActiveCfg = Release|Any CPU
		{FE32D096-D80C-4AFB-B8FF-04B23CB63732}.Release|ARM64.Build.0 = Release|Any CPU
		{FE32D096-D80C-4AFB-B8FF-04B23CB63732}.Release|x64.ActiveCfg = Release|Any CPU
		{FE32D096-D80C-4AFB-B8FF-04B23CB63732}.Release|x64.Build.0 = Release|Any CPU
		{FE32D096-D80C-4AFB-B8FF-04B23CB63732}.Release|x86.ActiveCfg = Release|Any CPU
		{FE32D096-D80C-4AFB-B8FF-04B23CB63732}.Release|x86.Build.0 = Release|Any CPU
		{E1FD8BC0-8DB0-49FA-B071-9DBF3F6B2B1B}.Debug|Any CPU.ActiveCfg = Debug|Any CPU
		{E1FD8BC0-8DB0-49FA-B071-9DBF3F6B2B1B}.Debug|Any CPU.Build.0 = Debug|Any CPU
		{E1FD8BC0-8DB0-49FA-B071-9DBF3F6B2B1B}.Debug|ARM.ActiveCfg = Debug|Any CPU
		{E1FD8BC0-8DB0-49FA-B071-9DBF3F6B2B1B}.Debug|ARM.Build.0 = Debug|Any CPU
		{E1FD8BC0-8DB0-49FA-B071-9DBF3F6B2B1B}.Debug|ARM64.ActiveCfg = Debug|Any CPU
		{E1FD8BC0-8DB0-49FA-B071-9DBF3F6B2B1B}.Debug|ARM64.Build.0 = Debug|Any CPU
		{E1FD8BC0-8DB0-49FA-B071-9DBF3F6B2B1B}.Debug|x64.ActiveCfg = Debug|Any CPU
		{E1FD8BC0-8DB0-49FA-B071-9DBF3F6B2B1B}.Debug|x64.Build.0 = Debug|Any CPU
		{E1FD8BC0-8DB0-49FA-B071-9DBF3F6B2B1B}.Debug|x86.ActiveCfg = Debug|Any CPU
		{E1FD8BC0-8DB0-49FA-B071-9DBF3F6B2B1B}.Debug|x86.Build.0 = Debug|Any CPU
		{E1FD8BC0-8DB0-49FA-B071-9DBF3F6B2B1B}.Release|Any CPU.ActiveCfg = Release|Any CPU
		{E1FD8BC0-8DB0-49FA-B071-9DBF3F6B2B1B}.Release|Any CPU.Build.0 = Release|Any CPU
		{E1FD8BC0-8DB0-49FA-B071-9DBF3F6B2B1B}.Release|ARM.ActiveCfg = Release|Any CPU
		{E1FD8BC0-8DB0-49FA-B071-9DBF3F6B2B1B}.Release|ARM.Build.0 = Release|Any CPU
		{E1FD8BC0-8DB0-49FA-B071-9DBF3F6B2B1B}.Release|ARM64.ActiveCfg = Release|Any CPU
		{E1FD8BC0-8DB0-49FA-B071-9DBF3F6B2B1B}.Release|ARM64.Build.0 = Release|Any CPU
		{E1FD8BC0-8DB0-49FA-B071-9DBF3F6B2B1B}.Release|x64.ActiveCfg = Release|Any CPU
		{E1FD8BC0-8DB0-49FA-B071-9DBF3F6B2B1B}.Release|x64.Build.0 = Release|Any CPU
		{E1FD8BC0-8DB0-49FA-B071-9DBF3F6B2B1B}.Release|x86.ActiveCfg = Release|Any CPU
		{E1FD8BC0-8DB0-49FA-B071-9DBF3F6B2B1B}.Release|x86.Build.0 = Release|Any CPU
		{F60114F5-34BA-4D54-BE1A-754020D68E50}.Debug|Any CPU.ActiveCfg = Debug|x86
		{F60114F5-34BA-4D54-BE1A-754020D68E50}.Debug|ARM.ActiveCfg = Debug|ARM
		{F60114F5-34BA-4D54-BE1A-754020D68E50}.Debug|ARM.Build.0 = Debug|ARM
		{F60114F5-34BA-4D54-BE1A-754020D68E50}.Debug|ARM.Deploy.0 = Debug|ARM
		{F60114F5-34BA-4D54-BE1A-754020D68E50}.Debug|ARM64.ActiveCfg = Debug|ARM64
		{F60114F5-34BA-4D54-BE1A-754020D68E50}.Debug|ARM64.Build.0 = Debug|ARM64
		{F60114F5-34BA-4D54-BE1A-754020D68E50}.Debug|ARM64.Deploy.0 = Debug|ARM64
		{F60114F5-34BA-4D54-BE1A-754020D68E50}.Debug|x64.ActiveCfg = Debug|x64
		{F60114F5-34BA-4D54-BE1A-754020D68E50}.Debug|x64.Build.0 = Debug|x64
		{F60114F5-34BA-4D54-BE1A-754020D68E50}.Debug|x64.Deploy.0 = Debug|x64
		{F60114F5-34BA-4D54-BE1A-754020D68E50}.Debug|x86.ActiveCfg = Debug|x86
		{F60114F5-34BA-4D54-BE1A-754020D68E50}.Debug|x86.Build.0 = Debug|x86
		{F60114F5-34BA-4D54-BE1A-754020D68E50}.Debug|x86.Deploy.0 = Debug|x86
		{F60114F5-34BA-4D54-BE1A-754020D68E50}.Release|Any CPU.ActiveCfg = Release|x86
		{F60114F5-34BA-4D54-BE1A-754020D68E50}.Release|ARM.ActiveCfg = Release|ARM
		{F60114F5-34BA-4D54-BE1A-754020D68E50}.Release|ARM.Build.0 = Release|ARM
		{F60114F5-34BA-4D54-BE1A-754020D68E50}.Release|ARM.Deploy.0 = Release|ARM
		{F60114F5-34BA-4D54-BE1A-754020D68E50}.Release|ARM64.ActiveCfg = Release|ARM64
		{F60114F5-34BA-4D54-BE1A-754020D68E50}.Release|ARM64.Build.0 = Release|ARM64
		{F60114F5-34BA-4D54-BE1A-754020D68E50}.Release|ARM64.Deploy.0 = Release|ARM64
		{F60114F5-34BA-4D54-BE1A-754020D68E50}.Release|x64.ActiveCfg = Release|x64
		{F60114F5-34BA-4D54-BE1A-754020D68E50}.Release|x64.Build.0 = Release|x64
		{F60114F5-34BA-4D54-BE1A-754020D68E50}.Release|x64.Deploy.0 = Release|x64
		{F60114F5-34BA-4D54-BE1A-754020D68E50}.Release|x86.ActiveCfg = Release|x86
		{F60114F5-34BA-4D54-BE1A-754020D68E50}.Release|x86.Build.0 = Release|x86
		{F60114F5-34BA-4D54-BE1A-754020D68E50}.Release|x86.Deploy.0 = Release|x86
		{067974D4-5EC8-408D-B02D-F869704683DC}.Debug|Any CPU.ActiveCfg = Debug|Any CPU
		{067974D4-5EC8-408D-B02D-F869704683DC}.Debug|Any CPU.Build.0 = Debug|Any CPU
		{067974D4-5EC8-408D-B02D-F869704683DC}.Debug|ARM.ActiveCfg = Debug|Any CPU
		{067974D4-5EC8-408D-B02D-F869704683DC}.Debug|ARM.Build.0 = Debug|Any CPU
		{067974D4-5EC8-408D-B02D-F869704683DC}.Debug|ARM64.ActiveCfg = Debug|Any CPU
		{067974D4-5EC8-408D-B02D-F869704683DC}.Debug|ARM64.Build.0 = Debug|Any CPU
		{067974D4-5EC8-408D-B02D-F869704683DC}.Debug|x64.ActiveCfg = Debug|Any CPU
		{067974D4-5EC8-408D-B02D-F869704683DC}.Debug|x64.Build.0 = Debug|Any CPU
		{067974D4-5EC8-408D-B02D-F869704683DC}.Debug|x86.ActiveCfg = Debug|Any CPU
		{067974D4-5EC8-408D-B02D-F869704683DC}.Debug|x86.Build.0 = Debug|Any CPU
		{067974D4-5EC8-408D-B02D-F869704683DC}.Release|Any CPU.ActiveCfg = Release|Any CPU
		{067974D4-5EC8-408D-B02D-F869704683DC}.Release|Any CPU.Build.0 = Release|Any CPU
		{067974D4-5EC8-408D-B02D-F869704683DC}.Release|ARM.ActiveCfg = Release|Any CPU
		{067974D4-5EC8-408D-B02D-F869704683DC}.Release|ARM.Build.0 = Release|Any CPU
		{067974D4-5EC8-408D-B02D-F869704683DC}.Release|ARM64.ActiveCfg = Release|Any CPU
		{067974D4-5EC8-408D-B02D-F869704683DC}.Release|ARM64.Build.0 = Release|Any CPU
		{067974D4-5EC8-408D-B02D-F869704683DC}.Release|x64.ActiveCfg = Release|Any CPU
		{067974D4-5EC8-408D-B02D-F869704683DC}.Release|x64.Build.0 = Release|Any CPU
		{067974D4-5EC8-408D-B02D-F869704683DC}.Release|x86.ActiveCfg = Release|Any CPU
		{067974D4-5EC8-408D-B02D-F869704683DC}.Release|x86.Build.0 = Release|Any CPU
		{D91D679C-AEF4-4E3D-80B5-F05B05820F52}.Debug|Any CPU.ActiveCfg = Debug|Any CPU
		{D91D679C-AEF4-4E3D-80B5-F05B05820F52}.Debug|Any CPU.Build.0 = Debug|Any CPU
		{D91D679C-AEF4-4E3D-80B5-F05B05820F52}.Debug|ARM.ActiveCfg = Debug|Any CPU
		{D91D679C-AEF4-4E3D-80B5-F05B05820F52}.Debug|ARM.Build.0 = Debug|Any CPU
		{D91D679C-AEF4-4E3D-80B5-F05B05820F52}.Debug|ARM64.ActiveCfg = Debug|Any CPU
		{D91D679C-AEF4-4E3D-80B5-F05B05820F52}.Debug|ARM64.Build.0 = Debug|Any CPU
		{D91D679C-AEF4-4E3D-80B5-F05B05820F52}.Debug|x64.ActiveCfg = Debug|Any CPU
		{D91D679C-AEF4-4E3D-80B5-F05B05820F52}.Debug|x64.Build.0 = Debug|Any CPU
		{D91D679C-AEF4-4E3D-80B5-F05B05820F52}.Debug|x86.ActiveCfg = Debug|Any CPU
		{D91D679C-AEF4-4E3D-80B5-F05B05820F52}.Debug|x86.Build.0 = Debug|Any CPU
		{D91D679C-AEF4-4E3D-80B5-F05B05820F52}.Release|Any CPU.ActiveCfg = Release|Any CPU
		{D91D679C-AEF4-4E3D-80B5-F05B05820F52}.Release|Any CPU.Build.0 = Release|Any CPU
		{D91D679C-AEF4-4E3D-80B5-F05B05820F52}.Release|ARM.ActiveCfg = Release|Any CPU
		{D91D679C-AEF4-4E3D-80B5-F05B05820F52}.Release|ARM.Build.0 = Release|Any CPU
		{D91D679C-AEF4-4E3D-80B5-F05B05820F52}.Release|ARM64.ActiveCfg = Release|Any CPU
		{D91D679C-AEF4-4E3D-80B5-F05B05820F52}.Release|ARM64.Build.0 = Release|Any CPU
		{D91D679C-AEF4-4E3D-80B5-F05B05820F52}.Release|x64.ActiveCfg = Release|Any CPU
		{D91D679C-AEF4-4E3D-80B5-F05B05820F52}.Release|x64.Build.0 = Release|Any CPU
		{D91D679C-AEF4-4E3D-80B5-F05B05820F52}.Release|x86.ActiveCfg = Release|Any CPU
		{D91D679C-AEF4-4E3D-80B5-F05B05820F52}.Release|x86.Build.0 = Release|Any CPU
		{198BC26F-5F07-448D-A2E3-91EE750A01F7}.Debug|Any CPU.ActiveCfg = Debug|Any CPU
		{198BC26F-5F07-448D-A2E3-91EE750A01F7}.Debug|Any CPU.Build.0 = Debug|Any CPU
		{198BC26F-5F07-448D-A2E3-91EE750A01F7}.Debug|ARM.ActiveCfg = Debug|Any CPU
		{198BC26F-5F07-448D-A2E3-91EE750A01F7}.Debug|ARM.Build.0 = Debug|Any CPU
		{198BC26F-5F07-448D-A2E3-91EE750A01F7}.Debug|ARM64.ActiveCfg = Debug|Any CPU
		{198BC26F-5F07-448D-A2E3-91EE750A01F7}.Debug|ARM64.Build.0 = Debug|Any CPU
		{198BC26F-5F07-448D-A2E3-91EE750A01F7}.Debug|x64.ActiveCfg = Debug|Any CPU
		{198BC26F-5F07-448D-A2E3-91EE750A01F7}.Debug|x64.Build.0 = Debug|Any CPU
		{198BC26F-5F07-448D-A2E3-91EE750A01F7}.Debug|x86.ActiveCfg = Debug|Any CPU
		{198BC26F-5F07-448D-A2E3-91EE750A01F7}.Debug|x86.Build.0 = Debug|Any CPU
		{198BC26F-5F07-448D-A2E3-91EE750A01F7}.Release|Any CPU.ActiveCfg = Release|Any CPU
		{198BC26F-5F07-448D-A2E3-91EE750A01F7}.Release|Any CPU.Build.0 = Release|Any CPU
		{198BC26F-5F07-448D-A2E3-91EE750A01F7}.Release|ARM.ActiveCfg = Release|Any CPU
		{198BC26F-5F07-448D-A2E3-91EE750A01F7}.Release|ARM.Build.0 = Release|Any CPU
		{198BC26F-5F07-448D-A2E3-91EE750A01F7}.Release|ARM64.ActiveCfg = Release|Any CPU
		{198BC26F-5F07-448D-A2E3-91EE750A01F7}.Release|ARM64.Build.0 = Release|Any CPU
		{198BC26F-5F07-448D-A2E3-91EE750A01F7}.Release|x64.ActiveCfg = Release|Any CPU
		{198BC26F-5F07-448D-A2E3-91EE750A01F7}.Release|x64.Build.0 = Release|Any CPU
		{198BC26F-5F07-448D-A2E3-91EE750A01F7}.Release|x86.ActiveCfg = Release|Any CPU
		{198BC26F-5F07-448D-A2E3-91EE750A01F7}.Release|x86.Build.0 = Release|Any CPU
		{CF93E7A3-C3E2-4FC5-8D9E-D10948355973}.Debug|Any CPU.ActiveCfg = Debug|Any CPU
		{CF93E7A3-C3E2-4FC5-8D9E-D10948355973}.Debug|Any CPU.Build.0 = Debug|Any CPU
		{CF93E7A3-C3E2-4FC5-8D9E-D10948355973}.Debug|ARM.ActiveCfg = Debug|Any CPU
		{CF93E7A3-C3E2-4FC5-8D9E-D10948355973}.Debug|ARM.Build.0 = Debug|Any CPU
		{CF93E7A3-C3E2-4FC5-8D9E-D10948355973}.Debug|ARM64.ActiveCfg = Debug|Any CPU
		{CF93E7A3-C3E2-4FC5-8D9E-D10948355973}.Debug|ARM64.Build.0 = Debug|Any CPU
		{CF93E7A3-C3E2-4FC5-8D9E-D10948355973}.Debug|x64.ActiveCfg = Debug|Any CPU
		{CF93E7A3-C3E2-4FC5-8D9E-D10948355973}.Debug|x64.Build.0 = Debug|Any CPU
		{CF93E7A3-C3E2-4FC5-8D9E-D10948355973}.Debug|x86.ActiveCfg = Debug|Any CPU
		{CF93E7A3-C3E2-4FC5-8D9E-D10948355973}.Debug|x86.Build.0 = Debug|Any CPU
		{CF93E7A3-C3E2-4FC5-8D9E-D10948355973}.Release|Any CPU.ActiveCfg = Release|Any CPU
		{CF93E7A3-C3E2-4FC5-8D9E-D10948355973}.Release|Any CPU.Build.0 = Release|Any CPU
		{CF93E7A3-C3E2-4FC5-8D9E-D10948355973}.Release|ARM.ActiveCfg = Release|Any CPU
		{CF93E7A3-C3E2-4FC5-8D9E-D10948355973}.Release|ARM.Build.0 = Release|Any CPU
		{CF93E7A3-C3E2-4FC5-8D9E-D10948355973}.Release|ARM64.ActiveCfg = Release|Any CPU
		{CF93E7A3-C3E2-4FC5-8D9E-D10948355973}.Release|ARM64.Build.0 = Release|Any CPU
		{CF93E7A3-C3E2-4FC5-8D9E-D10948355973}.Release|x64.ActiveCfg = Release|Any CPU
		{CF93E7A3-C3E2-4FC5-8D9E-D10948355973}.Release|x64.Build.0 = Release|Any CPU
		{CF93E7A3-C3E2-4FC5-8D9E-D10948355973}.Release|x86.ActiveCfg = Release|Any CPU
		{CF93E7A3-C3E2-4FC5-8D9E-D10948355973}.Release|x86.Build.0 = Release|Any CPU
		{851F5A50-E9CF-40DE-A160-EF7076EB80F5}.Debug|Any CPU.ActiveCfg = Debug|Any CPU
		{851F5A50-E9CF-40DE-A160-EF7076EB80F5}.Debug|Any CPU.Build.0 = Debug|Any CPU
		{851F5A50-E9CF-40DE-A160-EF7076EB80F5}.Debug|ARM.ActiveCfg = Debug|ARM
		{851F5A50-E9CF-40DE-A160-EF7076EB80F5}.Debug|ARM.Build.0 = Debug|ARM
		{851F5A50-E9CF-40DE-A160-EF7076EB80F5}.Debug|ARM64.ActiveCfg = Debug|ARM64
		{851F5A50-E9CF-40DE-A160-EF7076EB80F5}.Debug|ARM64.Build.0 = Debug|ARM64
		{851F5A50-E9CF-40DE-A160-EF7076EB80F5}.Debug|x64.ActiveCfg = Debug|x64
		{851F5A50-E9CF-40DE-A160-EF7076EB80F5}.Debug|x64.Build.0 = Debug|x64
		{851F5A50-E9CF-40DE-A160-EF7076EB80F5}.Debug|x86.ActiveCfg = Debug|x86
		{851F5A50-E9CF-40DE-A160-EF7076EB80F5}.Debug|x86.Build.0 = Debug|x86
		{851F5A50-E9CF-40DE-A160-EF7076EB80F5}.Release|Any CPU.ActiveCfg = Release|Any CPU
		{851F5A50-E9CF-40DE-A160-EF7076EB80F5}.Release|Any CPU.Build.0 = Release|Any CPU
		{851F5A50-E9CF-40DE-A160-EF7076EB80F5}.Release|ARM.ActiveCfg = Release|ARM
		{851F5A50-E9CF-40DE-A160-EF7076EB80F5}.Release|ARM.Build.0 = Release|ARM
		{851F5A50-E9CF-40DE-A160-EF7076EB80F5}.Release|ARM64.ActiveCfg = Release|ARM64
		{851F5A50-E9CF-40DE-A160-EF7076EB80F5}.Release|ARM64.Build.0 = Release|ARM64
		{851F5A50-E9CF-40DE-A160-EF7076EB80F5}.Release|x64.ActiveCfg = Release|x64
		{851F5A50-E9CF-40DE-A160-EF7076EB80F5}.Release|x64.Build.0 = Release|x64
		{851F5A50-E9CF-40DE-A160-EF7076EB80F5}.Release|x86.ActiveCfg = Release|x86
		{851F5A50-E9CF-40DE-A160-EF7076EB80F5}.Release|x86.Build.0 = Release|x86
	EndGlobalSection
	GlobalSection(SolutionProperties) = preSolution
		HideSolutionNode = FALSE
	EndGlobalSection
	GlobalSection(ExtensibilityGlobals) = postSolution
		SolutionGuid = {5B2F9DE1-E518-4BF7-9564-B4F70A30BE3B}
	EndGlobalSection
EndGlobal
